PODS:
  - youtube-ios-player-helper (1.0.3)

DEPENDENCIES:
  - youtube-ios-player-helper

SPEC REPOS:
  trunk:
    - youtube-ios-player-helper

SPEC CHECKSUMS:
  youtube-ios-player-helper: 0185c57db23c80d63d6ca11251d110abb8a4ca61

PODFILE CHECKSUM: f7379b136fe56ed1fee75c93920c3d17fa8d7ec4

COCOAPODS: 1.11.2
